// !$*UTF8*$!
{
	archiveVersion = 1;
	classes = {
	};
	objectVersion = 48;
	objects = {

/* Begin PBXBuildFile section */
		49E846F71FCB0633007739AC /* AppDelegate.swift in Sources */ = {isa = PBXBuildFile; fileRef = 49E846F61FCB0633007739AC /* AppDelegate.swift */; };
		49E846F91FCB0633007739AC /* ViewController.swift in Sources */ = {isa = PBXBuildFile; fileRef = 49E846F81FCB0633007739AC /* ViewController.swift */; };
		49E846FC1FCB0633007739AC /* Main.storyboard in Resources */ = {isa = PBXBuildFile; fileRef = 49E846FA1FCB0633007739AC /* Main.storyboard */; };
		49E846FF1FCB0633007739AC /* Connect.xcdatamodeld in Sources */ = {isa = PBXBuildFile; fileRef = 49E846FD1FCB0633007739AC /* Connect.xcdatamodeld */; };
		49E847011FCB0633007739AC /* Assets.xcassets in Resources */ = {isa = PBXBuildFile; fileRef = 49E847001FCB0633007739AC /* Assets.xcassets */; };
		49E847041FCB0633007739AC /* LaunchScreen.storyboard in Resources */ = {isa = PBXBuildFile; fileRef = 49E847021FCB0633007739AC /* LaunchScreen.storyboard */; };
		49E8470C1FCB24F2007739AC /* ExpandableNames.swift in Sources */ = {isa = PBXBuildFile; fileRef = 49E8470B1FCB24F2007739AC /* ExpandableNames.swift */; };
		49E8470E1FCB308E007739AC /* ContactCell.swift in Sources */ = {isa = PBXBuildFile; fileRef = 49E8470D1FCB308E007739AC /* ContactCell.swift */; };
/* End PBXBuildFile section */

/* Begin PBXFileReference section */
		49E846F31FCB0633007739AC /* Connect.app */ = {isa = PBXFileReference; explicitFileType = wrapper.application; includeInIndex = 0; path = Connect.app; sourceTree = BUILT_PRODUCTS_DIR; };
		49E846F61FCB0633007739AC /* AppDelegate.swift */ = {isa = PBXFileReference; lastKnownFileType = sourcecode.swift; path = AppDelegate.swift; sourceTree = "<group>"; };
		49E846F81FCB0633007739AC /* ViewController.swift */ = {isa = PBXFileReference; lastKnownFileType = sourcecode.swift; path = ViewController.swift; sourceTree = "<group>"; };
		49E846FB1FCB0633007739AC /* Base */ = {isa = PBXFileReference; lastKnownFileType = file.storyboard; name = Base; path = Base.lproj/Main.storyboard; sourceTree = "<group>"; };
		49E846FE1FCB0633007739AC /* Connect.xcdatamodel */ = {isa = PBXFileReference; lastKnownFileType = wrapper.xcdatamodel; path = Connect.xcdatamodel; sourceTree = "<group>"; };
		49E847001FCB0633007739AC /* Assets.xcassets */ = {isa = PBXFileReference; lastKnownFileType = folder.assetcatalog; path = Assets.xcassets; sourceTree = "<group>"; };
		49E847031FCB0633007739AC /* Base */ = {isa = PBXFileReference; lastKnownFileType = file.storyboard; name = Base; path = Base.lproj/LaunchScreen.storyboard; sourceTree = "<group>"; };
		49E847051FCB0633007739AC /* Info.plist */ = {isa = PBXFileReference; lastKnownFileType = text.plist.xml; path = Info.plist; sourceTree = "<group>"; };
		49E8470B1FCB24F2007739AC /* ExpandableNames.swift */ = {isa = PBXFileReference; lastKnownFileType = sourcecode.swift; path = ExpandableNames.swift; sourceTree = "<group>"; };
		49E8470D1FCB308E007739AC /* ContactCell.swift */ = {isa = PBXFileReference; lastKnownFileType = sourcecode.swift; path = ContactCell.swift; sourceTree = "<group>"; };
/* End PBXFileReference section */

/* Begin PBXFrameworksBuildPhase section */
		49E846F01FCB0633007739AC /* Frameworks */ = {
			isa = PBXFrameworksBuildPhase;
			buildActionMask = 2147483647;
			files = (
			);
			runOnlyForDeploymentPostprocessing = 0;
		};
/* End PBXFrameworksBuildPhase section */

/* Begin PBXGroup section */
		49E846EA1FCB0633007739AC = {
			isa = PBXGroup;
			children = (
				49E846F51FCB0633007739AC /* Connect */,
				49E846F41FCB0633007739AC /* Products */,
			);
			sourceTree = "<group>";
		};
		49E846F41FCB0633007739AC /* Products */ = {
			isa = PBXGroup;
			children = (
				49E846F31FCB0633007739AC /* Connect.app */,
			);
			name = Products;
			sourceTree = "<group>";
		};
		49E846F51FCB0633007739AC /* Connect */ = {
			isa = PBXGroup;
			children = (
				49E846F61FCB0633007739AC /* AppDelegate.swift */,
				49E846F81FCB0633007739AC /* ViewController.swift */,
				49E846FA1FCB0633007739AC /* Main.storyboard */,
				49E847001FCB0633007739AC /* Assets.xcassets */,
				49E847021FCB0633007739AC /* LaunchScreen.storyboard */,
				49E847051FCB0633007739AC /* Info.plist */,
				49E846FD1FCB0633007739AC /* Connect.xcdatamodeld */,
				49E8470B1FCB24F2007739AC /* ExpandableNames.swift */,
				49E8470D1FCB308E007739AC /* ContactCell.swift */,
			);
			path = Connect;
			sourceTree = "<group>";
		};
/* End PBXGroup section */

/* Begin PBXNativeTarget section */
		49E846F21FCB0633007739AC /* Connect */ = {
			isa = PBXNativeTarget;
			buildConfigurationList = 49E847081FCB0633007739AC /* Build configuration list for PBXNativeTarget "Connect" */;
			buildPhases = (
				49E846EF1FCB0633007739AC /* Sources */,
				49E846F01FCB0633007739AC /* Frameworks */,
				49E846F11FCB0633007739AC /* Resources */,
			);
			buildRules = (
			);
			dependencies = (
			);
			name = Connect;
			productName = Connect;
			productReference = 49E846F31FCB0633007739AC /* Connect.app */;
			productType = "com.apple.product-type.application";
		};
/* End PBXNativeTarget section */

/* Begin PBXProject section */
		49E846EB1FCB0633007739AC /* Project object */ = {
			isa = PBXProject;
			attributes = {
				LastSwiftUpdateCheck = 0910;
				LastUpgradeCheck = 0910;
				ORGANIZATIONNAME = 224apps;
				TargetAttributes = {
					49E846F21FCB0633007739AC = {
						CreatedOnToolsVersion = 9.1;
						ProvisioningStyle = Automatic;
					};
				};
			};
			buildConfigurationList = 49E846EE1FCB0633007739AC /* Build configuration list for PBXProject "Connect" */;
			compatibilityVersion = "Xcode 8.0";
			developmentRegion = en;
			hasScannedForEncodings = 0;
			knownRegions = (
				en,
				Base,
			);
			mainGroup = 49E846EA1FCB0633007739AC;
			productRefGroup = 49E846F41FCB0633007739AC /* Products */;
			projectDirPath = "";
			projectRoot = "";
			targets = (
				49E846F21FCB0633007739AC /* Connect */,
			);
		};
/* End PBXProject section */

/* Begin PBXResourcesBuildPhase section */
		49E846F11FCB0633007739AC /* Resources */ = {
			isa = PBXResourcesBuildPhase;
			buildActionMask = 2147483647;
			files = (
				49E847041FCB0633007739AC /* LaunchScreen.storyboard in Resources */,
				49E847011FCB0633007739AC /* Assets.xcassets in Resources */,
				49E846FC1FCB0633007739AC /* Main.storyboard in Resources */,
			);
			runOnlyForDeploymentPostprocessing = 0;
		};
/* End PBXResourcesBuildPhase section */

/* Begin PBXSourcesBuildPhase section */
		49E846EF1FCB0633007739AC /* Sources */ = {
			isa = PBXSourcesBuildPhase;
			buildActionMask = 2147483647;
			files = (
				49E8470E1FCB308E007739AC /* ContactCell.swift in Sources */,
				49E8470C1FCB24F2007739AC /* ExpandableNames.swift in Sources */,
				49E846F91FCB0633007739AC /* ViewController.swift in Sources */,
				49E846F71FCB0633007739AC /* AppDelegate.swift in Sources */,
				49E846FF1FCB0633007739AC /* Connect.xcdatamodeld in Sources */,
			);
			runOnlyForDeploymentPostprocessing = 0;
		};
/* End PBXSourcesBuildPhase section */

/* Begin PBXVariantGroup section */
		49E846FA1FCB0633007739AC /* Main.storyboard */ = {
			isa = PBXVariantGroup;
			children = (
				49E846FB1FCB0633007739AC /* Base */,
			);
			name = Main.storyboard;
			sourceTree = "<group>";
		};
		49E847021FCB0633007739AC /* LaunchScreen.storyboard */ = {
			isa = PBXVariantGroup;
			children = (
				49E847031FCB0633007739AC /* Base */,
			);
			name = LaunchScreen.storyboard;
			sourceTree = "<group>";
		};
/* End PBXVariantGroup section */

/* Begin XCBuildConfiguration section */
		49E847061FCB0633007739AC /* Debug */ = {
			isa = XCBuildConfiguration;
			buildSettings = {
				ALWAYS_SEARCH_USER_PATHS = NO;
				CLANG_ANALYZER_NONNULL = YES;
				CLANG_ANALYZER_NUMBER_OBJECT_CONVERSION = YES_AGGRESSIVE;
				CLANG_CXX_LANGUAGE_STANDARD = "gnu++14";
				CLANG_CXX_LIBRARY = "libc++";
				CLANG_ENABLE_MODULES = YES;
				CLANG_ENABLE_OBJC_ARC = YES;
				CLANG_WARN_BLOCK_CAPTURE_AUTORELEASING = YES;
				CLANG_WARN_BOOL_CONVERSION = YES;
				CLANG_WARN_COMMA = YES;
				CLANG_WARN_CONSTANT_CONVERSION = YES;
				CLANG_WARN_DIRECT_OBJC_ISA_USAGE = YES_ERROR;
				CLANG_WARN_DOCUMENTATION_COMMENTS = YES;
				CLANG_WARN_EMPTY_BODY = YES;
				CLANG_WARN_ENUM_CONVERSION = YES;
				CLANG_WARN_INFINITE_RECURSION = YES;
				CLANG_WARN_INT_CONVERSION = YES;
				CLANG_WARN_NON_LITERAL_NULL_CONVERSION = YES;
				CLANG_WARN_OBJC_LITERAL_CONVERSION = YES;
				CLANG_WARN_OBJC_ROOT_CLASS = YES_ERROR;
				CLANG_WARN_RANGE_LOOP_ANALYSIS = YES;
				CLANG_WARN_STRICT_PROTOTYPES = YES;
				CLANG_WARN_SUSPICIOUS_MOVE = YES;
				CLANG_WARN_UNGUARDED_AVAILABILITY = YES_AGGRESSIVE;
				CLANG_WARN_UNREACHABLE_CODE = YES;
				CLANG_WARN__DUPLICATE_METHOD_MATCH = YES;
				CODE_SIGN_IDENTITY = "iPhone Developer";
				COPY_PHASE_STRIP = NO;
				DEBUG_INFORMATION_FORMAT = dwarf;
				ENABLE_STRICT_OBJC_MSGSEND = YES;
				ENABLE_TESTABILITY = YES;
				GCC_C_LANGUAGE_STANDARD = gnu11;
				GCC_DYNAMIC_NO_PIC = NO;
				GCC_NO_COMMON_BLOCKS = YES;
				GCC_OPTIMIZATION_LEVEL = 0;
				GCC_PREPROCESSOR_DEFINITIONS = (
					"DEBUG=1",
					"$(inherited)",
				);
				GCC_WARN_64_TO_32_BIT_CONVERSION = YES;
				GCC_WARN_ABOUT_RETURN_TYPE = YES_ERROR;
				GCC_WARN_UNDECLARED_SELECTOR = YES;
				GCC_WARN_UNINITIALIZED_AUTOS = YES_AGGRESSIVE;
				GCC_WARN_UNUSED_FUNCTION = YES;
				GCC_WARN_UNUSED_VARIABLE = YES;
				IPHONEOS_DEPLOYMENT_TARGET = 11.1;
				MTL_ENABLE_DEBUG_INFO = YES;
				ONLY_ACTIVE_ARCH = YES;
				SDKROOT = iphoneos;
				SWIFT_ACTIVE_COMPILATION_CONDITIONS = DEBUG;
				SWIFT_OPTIMIZATION_LEVEL = "-Onone";
			};
			name = Debug;
		};
		49E847071FCB0633007739AC /* Release */ = {
			isa = XCBuildConfiguration;
			buildSettings = {
				ALWAYS_SEARCH_USER_PATHS = NO;
				CLANG_ANALYZER_NONNULL = YES;
				CLANG_ANALYZER_NUMBER_OBJECT_CONVERSION = YES_AGGRESSIVE;
				CLANG_CXX_LANGUAGE_STANDARD = "gnu++14";
				CLANG_CXX_LIBRARY = "libc++";
				CLANG_ENABLE_MODULES = YES;
				CLANG_ENABLE_OBJC_ARC = YES;
				CLANG_WARN_BLOCK_CAPTURE_AUTORELEASING = YES;
				CLANG_WARN_BOOL_CONVERSION = YES;
				CLANG_WARN_COMMA = YES;
				CLANG_WARN_CONSTANT_CONVERSION = YES;
				CLANG_WARN_DIRECT_OBJC_ISA_USAGE = YES_ERROR;
				CLANG_WARN_DOCUMENTATION_COMMENTS = YES;
				CLANG_WARN_EMPTY_BODY = YES;
				CLANG_WARN_ENUM_CONVERSION = YES;
				CLANG_WARN_INFINITE_RECURSION = YES;
				CLANG_WARN_INT_CONVERSION = YES;
				CLANG_WARN_NON_LITERAL_NULL_CONVERSION = YES;
				CLANG_WARN_OBJC_LITERAL_CONVERSION = YES;
				CLANG_WARN_OBJC_ROOT_CLASS = YES_ERROR;
				CLANG_WARN_RANGE_LOOP_ANALYSIS = YES;
				CLANG_WARN_STRICT_PROTOTYPES = YES;
				CLANG_WARN_SUSPICIOUS_MOVE = YES;
				CLANG_WARN_UNGUARDED_AVAILABILITY = YES_AGGRESSIVE;
				CLANG_WARN_UNREACHABLE_CODE = YES;
				CLANG_WARN__DUPLICATE_METHOD_MATCH = YES;
				CODE_SIGN_IDENTITY = "iPhone Developer";
				COPY_PHASE_STRIP = NO;
				DEBUG_INFORMATION_FORMAT = "dwarf-with-dsym";
				ENABLE_NS_ASSERTIONS = NO;
				ENABLE_STRICT_OBJC_MSGSEND = YES;
				GCC_C_LANGUAGE_STANDARD = gnu11;
				GCC_NO_COMMON_BLOCKS = YES;
				GCC_WARN_64_TO_32_BIT_CONVERSION = YES;
				GCC_WARN_ABOUT_RETURN_TYPE = YES_ERROR;
				GCC_WARN_UNDECLARED_SELECTOR = YES;
				GCC_WARN_UNINITIALIZED_AUTOS = YES_AGGRESSIVE;
				GCC_WARN_UNUSED_FUNCTION = YES;
				GCC_WARN_UNUSED_VARIABLE = YES;
				IPHONEOS_DEPLOYMENT_TARGET = 11.1;
				MTL_ENABLE_DEBUG_INFO = NO;
				SDKROOT = iphoneos;
				SWIFT_OPTIMIZATION_LEVEL = "-Owholemodule";
				VALIDATE_PRODUCT = YES;
			};
			name = Release;
		};
		49E847091FCB0633007739AC /* Debug */ = {
			isa = XCBuildConfiguration;
			buildSettings = {
				ASSETCATALOG_COMPILER_APPICON_NAME = AppIcon;
				CODE_SIGN_STYLE = Automatic;
				DEVELOPMENT_TEAM = 7XGX6TD7GL;
				INFOPLIST_FILE = Connect/Info.plist;
				LD_RUNPATH_SEARCH_PATHS = "$(inherited) @executable_path/Frameworks";
				PRODUCT_BUNDLE_IDENTIFIER = "-24apps.Connect";
				PRODUCT_NAME = "$(TARGET_NAME)";
				SWIFT_VERSION = 4.0;
				TARGETED_DEVICE_FAMILY = "1,2";
			};
			name = Debug;
		};
		49E8470A1FCB0633007739AC /* Release */ = {
			isa = XCBuildConfiguration;
			buildSettings = {
				ASSETCATALOG_COMPILER_APPICON_NAME = AppIcon;
				CODE_SIGN_STYLE = Automatic;
				DEVELOPMENT_TEAM = 7XGX6TD7GL;
				INFOPLIST_FILE = Connect/Info.plist;
				LD_RUNPATH_SEARCH_PATHS = "$(inherited) @executable_path/Frameworks";
				PRODUCT_BUNDLE_IDENTIFIER = "-24apps.Connect";
				PRODUCT_NAME = "$(TARGET_NAME)";
				SWIFT_VERSION = 4.0;
				TARGETED_DEVICE_FAMILY = "1,2";
			};
			name = Release;
		};
/* End XCBuildConfiguration section */

/* Begin XCConfigurationList section */
		49E846EE1FCB0633007739AC /* Build configuration list for PBXProject "Connect" */ = {
			isa = XCConfigurationList;
			buildConfigurations = (
				49E847061FCB0633007739AC /* Debug */,
				49E847071FCB0633007739AC /* Release */,
			);
			defaultConfigurationIsVisible = 0;
			defaultConfigurationName = Release;
		};
		49E847081FCB0633007739AC /* Build configuration list for PBXNativeTarget "Connect" */ = {
			isa = XCConfigurationList;
			buildConfigurations = (
				49E847091FCB0633007739AC /* Debug */,
				49E8470A1FCB0633007739AC /* Release */,
			);
			defaultConfigurationIsVisible = 0;
			defaultConfigurationName = Release;
		};
/* End XCConfigurationList section */

/* Begin XCVersionGroup section */
		49E846FD1FCB0633007739AC /* Connect.xcdatamodeld */ = {
			isa = XCVersionGroup;
			children = (
				49E846FE1FCB0633007739AC /* Connect.xcdatamodel */,
			);
			currentVersion = 49E846FE1FCB0633007739AC /* Connect.xcdatamodel */;
			path = Connect.xcdatamodeld;
			sourceTree = "<group>";
			versionGroupType = wrapper.xcdatamodel;
		};
/* End XCVersionGroup section */
	};
	rootObject = 49E846EB1FCB0633007739AC /* Project object */;
}
