// !$*UTF8*$!
{
	archiveVersion = 1;
	classes = {
	};
	objectVersion = 46;
	objects = {

/* Begin PBXBuildFile section */
		491C2BD01E9EEE6400F6DEF0 /* App.swift in Sources */ = {isa = PBXBuildFile; fileRef = 491C2BCF1E9EEE6400F6DEF0 /* App.swift */; };
		497F72B41E2F2F57004A2C18 /* AppDelegate.swift in Sources */ = {isa = PBXBuildFile; fileRef = 497F72B31E2F2F57004A2C18 /* AppDelegate.swift */; };
		497F72B61E2F2F57004A2C18 /* HomeViewController.swift in Sources */ = {isa = PBXBuildFile; fileRef = 497F72B51E2F2F57004A2C18 /* HomeViewController.swift */; };
		497F72BB1E2F2F57004A2C18 /* Assets.xcassets in Resources */ = {isa = PBXBuildFile; fileRef = 497F72BA1E2F2F57004A2C18 /* Assets.xcassets */; };
		497F72BE1E2F2F57004A2C18 /* LaunchScreen.storyboard in Resources */ = {isa = PBXBuildFile; fileRef = 497F72BC1E2F2F57004A2C18 /* LaunchScreen.storyboard */; };
		497F72C91E2F2F57004A2C18 /* AppstoreDemoLBTATests.swift in Sources */ = {isa = PBXBuildFile; fileRef = 497F72C81E2F2F57004A2C18 /* AppstoreDemoLBTATests.swift */; };
		49E3DD4F1E941E6000635C0A /* CategoryCell.swift in Sources */ = {isa = PBXBuildFile; fileRef = 49E3DD4E1E941E6000635C0A /* CategoryCell.swift */; };
		49E3DD511E94262100635C0A /* HorAppCell.swift in Sources */ = {isa = PBXBuildFile; fileRef = 49E3DD501E94262100635C0A /* HorAppCell.swift */; };
		49E3DD541E9446A500635C0A /* AppCategory.swift in Sources */ = {isa = PBXBuildFile; fileRef = 49E3DD531E9446A500635C0A /* AppCategory.swift */; };
/* End PBXBuildFile section */

/* Begin PBXContainerItemProxy section */
		497F72C51E2F2F57004A2C18 /* PBXContainerItemProxy */ = {
			isa = PBXContainerItemProxy;
			containerPortal = 497F72A81E2F2F57004A2C18 /* Project object */;
			proxyType = 1;
			remoteGlobalIDString = 497F72AF1E2F2F57004A2C18;
			remoteInfo = AppstoreDemoLBTA;
		};
/* End PBXContainerItemProxy section */

/* Begin PBXFileReference section */
		491C2BCF1E9EEE6400F6DEF0 /* App.swift */ = {isa = PBXFileReference; fileEncoding = 4; lastKnownFileType = sourcecode.swift; path = App.swift; sourceTree = "<group>"; };
		497F72B01E2F2F57004A2C18 /* AppstoreDemoLBTA.app */ = {isa = PBXFileReference; explicitFileType = wrapper.application; includeInIndex = 0; path = AppstoreDemoLBTA.app; sourceTree = BUILT_PRODUCTS_DIR; };
		497F72B31E2F2F57004A2C18 /* AppDelegate.swift */ = {isa = PBXFileReference; lastKnownFileType = sourcecode.swift; path = AppDelegate.swift; sourceTree = "<group>"; };
		497F72B51E2F2F57004A2C18 /* HomeViewController.swift */ = {isa = PBXFileReference; lastKnownFileType = sourcecode.swift; path = HomeViewController.swift; sourceTree = "<group>"; };
		497F72BA1E2F2F57004A2C18 /* Assets.xcassets */ = {isa = PBXFileReference; lastKnownFileType = folder.assetcatalog; path = Assets.xcassets; sourceTree = "<group>"; };
		497F72BD1E2F2F57004A2C18 /* Base */ = {isa = PBXFileReference; lastKnownFileType = file.storyboard; name = Base; path = Base.lproj/LaunchScreen.storyboard; sourceTree = "<group>"; };
		497F72BF1E2F2F57004A2C18 /* Info.plist */ = {isa = PBXFileReference; lastKnownFileType = text.plist.xml; path = Info.plist; sourceTree = "<group>"; };
		497F72C41E2F2F57004A2C18 /* AppstoreDemoLBTATests.xctest */ = {isa = PBXFileReference; explicitFileType = wrapper.cfbundle; includeInIndex = 0; path = AppstoreDemoLBTATests.xctest; sourceTree = BUILT_PRODUCTS_DIR; };
		497F72C81E2F2F57004A2C18 /* AppstoreDemoLBTATests.swift */ = {isa = PBXFileReference; lastKnownFileType = sourcecode.swift; path = AppstoreDemoLBTATests.swift; sourceTree = "<group>"; };
		497F72CA1E2F2F57004A2C18 /* Info.plist */ = {isa = PBXFileReference; lastKnownFileType = text.plist.xml; path = Info.plist; sourceTree = "<group>"; };
		49E3DD4E1E941E6000635C0A /* CategoryCell.swift */ = {isa = PBXFileReference; fileEncoding = 4; lastKnownFileType = sourcecode.swift; path = CategoryCell.swift; sourceTree = "<group>"; };
		49E3DD501E94262100635C0A /* HorAppCell.swift */ = {isa = PBXFileReference; fileEncoding = 4; lastKnownFileType = sourcecode.swift; path = HorAppCell.swift; sourceTree = "<group>"; };
		49E3DD531E9446A500635C0A /* AppCategory.swift */ = {isa = PBXFileReference; fileEncoding = 4; lastKnownFileType = sourcecode.swift; path = AppCategory.swift; sourceTree = "<group>"; };
/* End PBXFileReference section */

/* Begin PBXFrameworksBuildPhase section */
		497F72AD1E2F2F57004A2C18 /* Frameworks */ = {
			isa = PBXFrameworksBuildPhase;
			buildActionMask = 2147483647;
			files = (
			);
			runOnlyForDeploymentPostprocessing = 0;
		};
		497F72C11E2F2F57004A2C18 /* Frameworks */ = {
			isa = PBXFrameworksBuildPhase;
			buildActionMask = 2147483647;
			files = (
			);
			runOnlyForDeploymentPostprocessing = 0;
		};
/* End PBXFrameworksBuildPhase section */

/* Begin PBXGroup section */
		497F72A71E2F2F57004A2C18 = {
			isa = PBXGroup;
			children = (
				497F72B21E2F2F57004A2C18 /* AppstoreDemoLBTA */,
				497F72C71E2F2F57004A2C18 /* AppstoreDemoLBTATests */,
				497F72B11E2F2F57004A2C18 /* Products */,
			);
			sourceTree = "<group>";
		};
		497F72B11E2F2F57004A2C18 /* Products */ = {
			isa = PBXGroup;
			children = (
				497F72B01E2F2F57004A2C18 /* AppstoreDemoLBTA.app */,
				497F72C41E2F2F57004A2C18 /* AppstoreDemoLBTATests.xctest */,
			);
			name = Products;
			sourceTree = "<group>";
		};
		497F72B21E2F2F57004A2C18 /* AppstoreDemoLBTA */ = {
			isa = PBXGroup;
			children = (
				49E3DD521E94469000635C0A /* Models */,
				497F72B31E2F2F57004A2C18 /* AppDelegate.swift */,
				497F72B51E2F2F57004A2C18 /* HomeViewController.swift */,
				49E3DD4E1E941E6000635C0A /* CategoryCell.swift */,
				49E3DD501E94262100635C0A /* HorAppCell.swift */,
				497F72BA1E2F2F57004A2C18 /* Assets.xcassets */,
				497F72BC1E2F2F57004A2C18 /* LaunchScreen.storyboard */,
				497F72BF1E2F2F57004A2C18 /* Info.plist */,
			);
			path = AppstoreDemoLBTA;
			sourceTree = "<group>";
		};
		497F72C71E2F2F57004A2C18 /* AppstoreDemoLBTATests */ = {
			isa = PBXGroup;
			children = (
				497F72C81E2F2F57004A2C18 /* AppstoreDemoLBTATests.swift */,
				497F72CA1E2F2F57004A2C18 /* Info.plist */,
			);
			path = AppstoreDemoLBTATests;
			sourceTree = "<group>";
		};
		49E3DD521E94469000635C0A /* Models */ = {
			isa = PBXGroup;
			children = (
				49E3DD531E9446A500635C0A /* AppCategory.swift */,
				491C2BCF1E9EEE6400F6DEF0 /* App.swift */,
			);
			name = Models;
			sourceTree = "<group>";
		};
/* End PBXGroup section */

/* Begin PBXNativeTarget section */
		497F72AF1E2F2F57004A2C18 /* AppstoreDemoLBTA */ = {
			isa = PBXNativeTarget;
			buildConfigurationList = 497F72CD1E2F2F57004A2C18 /* Build configuration list for PBXNativeTarget "AppstoreDemoLBTA" */;
			buildPhases = (
				497F72AC1E2F2F57004A2C18 /* Sources */,
				497F72AD1E2F2F57004A2C18 /* Frameworks */,
				497F72AE1E2F2F57004A2C18 /* Resources */,
			);
			buildRules = (
			);
			dependencies = (
			);
			name = AppstoreDemoLBTA;
			productName = AppstoreDemoLBTA;
			productReference = 497F72B01E2F2F57004A2C18 /* AppstoreDemoLBTA.app */;
			productType = "com.apple.product-type.application";
		};
		497F72C31E2F2F57004A2C18 /* AppstoreDemoLBTATests */ = {
			isa = PBXNativeTarget;
			buildConfigurationList = 497F72D01E2F2F57004A2C18 /* Build configuration list for PBXNativeTarget "AppstoreDemoLBTATests" */;
			buildPhases = (
				497F72C01E2F2F57004A2C18 /* Sources */,
				497F72C11E2F2F57004A2C18 /* Frameworks */,
				497F72C21E2F2F57004A2C18 /* Resources */,
			);
			buildRules = (
			);
			dependencies = (
				497F72C61E2F2F57004A2C18 /* PBXTargetDependency */,
			);
			name = AppstoreDemoLBTATests;
			productName = AppstoreDemoLBTATests;
			productReference = 497F72C41E2F2F57004A2C18 /* AppstoreDemoLBTATests.xctest */;
			productType = "com.apple.product-type.bundle.unit-test";
		};
/* End PBXNativeTarget section */

/* Begin PBXProject section */
		497F72A81E2F2F57004A2C18 /* Project object */ = {
			isa = PBXProject;
			attributes = {
				LastSwiftUpdateCheck = 0810;
				LastUpgradeCheck = 0810;
				ORGANIZATIONNAME = DiaryConnect;
				TargetAttributes = {
					497F72AF1E2F2F57004A2C18 = {
						CreatedOnToolsVersion = 8.1;
						DevelopmentTeam = 7XGX6TD7GL;
						ProvisioningStyle = Automatic;
					};
					497F72C31E2F2F57004A2C18 = {
						CreatedOnToolsVersion = 8.1;
						DevelopmentTeam = 7XGX6TD7GL;
						ProvisioningStyle = Automatic;
						TestTargetID = 497F72AF1E2F2F57004A2C18;
					};
				};
			};
			buildConfigurationList = 497F72AB1E2F2F57004A2C18 /* Build configuration list for PBXProject "AppstoreDemoLBTA" */;
			compatibilityVersion = "Xcode 3.2";
			developmentRegion = English;
			hasScannedForEncodings = 0;
			knownRegions = (
				en,
				Base,
			);
			mainGroup = 497F72A71E2F2F57004A2C18;
			productRefGroup = 497F72B11E2F2F57004A2C18 /* Products */;
			projectDirPath = "";
			projectRoot = "";
			targets = (
				497F72AF1E2F2F57004A2C18 /* AppstoreDemoLBTA */,
				497F72C31E2F2F57004A2C18 /* AppstoreDemoLBTATests */,
			);
		};
/* End PBXProject section */

/* Begin PBXResourcesBuildPhase section */
		497F72AE1E2F2F57004A2C18 /* Resources */ = {
			isa = PBXResourcesBuildPhase;
			buildActionMask = 2147483647;
			files = (
				497F72BE1E2F2F57004A2C18 /* LaunchScreen.storyboard in Resources */,
				497F72BB1E2F2F57004A2C18 /* Assets.xcassets in Resources */,
			);
			runOnlyForDeploymentPostprocessing = 0;
		};
		497F72C21E2F2F57004A2C18 /* Resources */ = {
			isa = PBXResourcesBuildPhase;
			buildActionMask = 2147483647;
			files = (
			);
			runOnlyForDeploymentPostprocessing = 0;
		};
/* End PBXResourcesBuildPhase section */

/* Begin PBXSourcesBuildPhase section */
		497F72AC1E2F2F57004A2C18 /* Sources */ = {
			isa = PBXSourcesBuildPhase;
			buildActionMask = 2147483647;
			files = (
				497F72B61E2F2F57004A2C18 /* HomeViewController.swift in Sources */,
				49E3DD541E9446A500635C0A /* AppCategory.swift in Sources */,
				49E3DD511E94262100635C0A /* HorAppCell.swift in Sources */,
				491C2BD01E9EEE6400F6DEF0 /* App.swift in Sources */,
				497F72B41E2F2F57004A2C18 /* AppDelegate.swift in Sources */,
				49E3DD4F1E941E6000635C0A /* CategoryCell.swift in Sources */,
			);
			runOnlyForDeploymentPostprocessing = 0;
		};
		497F72C01E2F2F57004A2C18 /* Sources */ = {
			isa = PBXSourcesBuildPhase;
			buildActionMask = 2147483647;
			files = (
				497F72C91E2F2F57004A2C18 /* AppstoreDemoLBTATests.swift in Sources */,
			);
			runOnlyForDeploymentPostprocessing = 0;
		};
/* End PBXSourcesBuildPhase section */

/* Begin PBXTargetDependency section */
		497F72C61E2F2F57004A2C18 /* PBXTargetDependency */ = {
			isa = PBXTargetDependency;
			target = 497F72AF1E2F2F57004A2C18 /* AppstoreDemoLBTA */;
			targetProxy = 497F72C51E2F2F57004A2C18 /* PBXContainerItemProxy */;
		};
/* End PBXTargetDependency section */

/* Begin PBXVariantGroup section */
		497F72BC1E2F2F57004A2C18 /* LaunchScreen.storyboard */ = {
			isa = PBXVariantGroup;
			children = (
				497F72BD1E2F2F57004A2C18 /* Base */,
			);
			name = LaunchScreen.storyboard;
			sourceTree = "<group>";
		};
/* End PBXVariantGroup section */

/* Begin XCBuildConfiguration section */
		497F72CB1E2F2F57004A2C18 /* Debug */ = {
			isa = XCBuildConfiguration;
			buildSettings = {
				ALWAYS_SEARCH_USER_PATHS = NO;
				CLANG_ANALYZER_NONNULL = YES;
				CLANG_CXX_LANGUAGE_STANDARD = "gnu++0x";
				CLANG_CXX_LIBRARY = "libc++";
				CLANG_ENABLE_MODULES = YES;
				CLANG_ENABLE_OBJC_ARC = YES;
				CLANG_WARN_BOOL_CONVERSION = YES;
				CLANG_WARN_CONSTANT_CONVERSION = YES;
				CLANG_WARN_DIRECT_OBJC_ISA_USAGE = YES_ERROR;
				CLANG_WARN_DOCUMENTATION_COMMENTS = YES;
				CLANG_WARN_EMPTY_BODY = YES;
				CLANG_WARN_ENUM_CONVERSION = YES;
				CLANG_WARN_INFINITE_RECURSION = YES;
				CLANG_WARN_INT_CONVERSION = YES;
				CLANG_WARN_OBJC_ROOT_CLASS = YES_ERROR;
				CLANG_WARN_SUSPICIOUS_MOVES = YES;
				CLANG_WARN_UNREACHABLE_CODE = YES;
				CLANG_WARN__DUPLICATE_METHOD_MATCH = YES;
				"CODE_SIGN_IDENTITY[sdk=iphoneos*]" = "iPhone Developer";
				COPY_PHASE_STRIP = NO;
				DEBUG_INFORMATION_FORMAT = dwarf;
				ENABLE_STRICT_OBJC_MSGSEND = YES;
				ENABLE_TESTABILITY = YES;
				GCC_C_LANGUAGE_STANDARD = gnu99;
				GCC_DYNAMIC_NO_PIC = NO;
				GCC_NO_COMMON_BLOCKS = YES;
				GCC_OPTIMIZATION_LEVEL = 0;
				GCC_PREPROCESSOR_DEFINITIONS = (
					"DEBUG=1",
					"$(inherited)",
				);
				GCC_WARN_64_TO_32_BIT_CONVERSION = YES;
				GCC_WARN_ABOUT_RETURN_TYPE = YES_ERROR;
				GCC_WARN_UNDECLARED_SELECTOR = YES;
				GCC_WARN_UNINITIALIZED_AUTOS = YES_AGGRESSIVE;
				GCC_WARN_UNUSED_FUNCTION = YES;
				GCC_WARN_UNUSED_VARIABLE = YES;
				IPHONEOS_DEPLOYMENT_TARGET = 10.1;
				MTL_ENABLE_DEBUG_INFO = YES;
				ONLY_ACTIVE_ARCH = YES;
				SDKROOT = iphoneos;
				SWIFT_ACTIVE_COMPILATION_CONDITIONS = DEBUG;
				SWIFT_OPTIMIZATION_LEVEL = "-Onone";
				TARGETED_DEVICE_FAMILY = "1,2";
			};
			name = Debug;
		};
		497F72CC1E2F2F57004A2C18 /* Release */ = {
			isa = XCBuildConfiguration;
			buildSettings = {
				ALWAYS_SEARCH_USER_PATHS = NO;
				CLANG_ANALYZER_NONNULL = YES;
				CLANG_CXX_LANGUAGE_STANDARD = "gnu++0x";
				CLANG_CXX_LIBRARY = "libc++";
				CLANG_ENABLE_MODULES = YES;
				CLANG_ENABLE_OBJC_ARC = YES;
				CLANG_WARN_BOOL_CONVERSION = YES;
				CLANG_WARN_CONSTANT_CONVERSION = YES;
				CLANG_WARN_DIRECT_OBJC_ISA_USAGE = YES_ERROR;
				CLANG_WARN_DOCUMENTATION_COMMENTS = YES;
				CLANG_WARN_EMPTY_BODY = YES;
				CLANG_WARN_ENUM_CONVERSION = YES;
				CLANG_WARN_INFINITE_RECURSION = YES;
				CLANG_WARN_INT_CONVERSION = YES;
				CLANG_WARN_OBJC_ROOT_CLASS = YES_ERROR;
				CLANG_WARN_SUSPICIOUS_MOVES = YES;
				CLANG_WARN_UNREACHABLE_CODE = YES;
				CLANG_WARN__DUPLICATE_METHOD_MATCH = YES;
				"CODE_SIGN_IDENTITY[sdk=iphoneos*]" = "iPhone Developer";
				COPY_PHASE_STRIP = NO;
				DEBUG_INFORMATION_FORMAT = "dwarf-with-dsym";
				ENABLE_NS_ASSERTIONS = NO;
				ENABLE_STRICT_OBJC_MSGSEND = YES;
				GCC_C_LANGUAGE_STANDARD = gnu99;
				GCC_NO_COMMON_BLOCKS = YES;
				GCC_WARN_64_TO_32_BIT_CONVERSION = YES;
				GCC_WARN_ABOUT_RETURN_TYPE = YES_ERROR;
				GCC_WARN_UNDECLARED_SELECTOR = YES;
				GCC_WARN_UNINITIALIZED_AUTOS = YES_AGGRESSIVE;
				GCC_WARN_UNUSED_FUNCTION = YES;
				GCC_WARN_UNUSED_VARIABLE = YES;
				IPHONEOS_DEPLOYMENT_TARGET = 10.1;
				MTL_ENABLE_DEBUG_INFO = NO;
				SDKROOT = iphoneos;
				SWIFT_OPTIMIZATION_LEVEL = "-Owholemodule";
				TARGETED_DEVICE_FAMILY = "1,2";
				VALIDATE_PRODUCT = YES;
			};
			name = Release;
		};
		497F72CE1E2F2F57004A2C18 /* Debug */ = {
			isa = XCBuildConfiguration;
			buildSettings = {
				ASSETCATALOG_COMPILER_APPICON_NAME = AppIcon;
				DEVELOPMENT_TEAM = 7XGX6TD7GL;
				INFOPLIST_FILE = AppstoreDemoLBTA/Info.plist;
				LD_RUNPATH_SEARCH_PATHS = "$(inherited) @executable_path/Frameworks";
				PRODUCT_BUNDLE_IDENTIFIER = Abdoulaye.AppstoreDemoLBTA;
				PRODUCT_NAME = "$(TARGET_NAME)";
				SWIFT_VERSION = 3.0;
			};
			name = Debug;
		};
		497F72CF1E2F2F57004A2C18 /* Release */ = {
			isa = XCBuildConfiguration;
			buildSettings = {
				ASSETCATALOG_COMPILER_APPICON_NAME = AppIcon;
				DEVELOPMENT_TEAM = 7XGX6TD7GL;
				INFOPLIST_FILE = AppstoreDemoLBTA/Info.plist;
				LD_RUNPATH_SEARCH_PATHS = "$(inherited) @executable_path/Frameworks";
				PRODUCT_BUNDLE_IDENTIFIER = Abdoulaye.AppstoreDemoLBTA;
				PRODUCT_NAME = "$(TARGET_NAME)";
				SWIFT_VERSION = 3.0;
			};
			name = Release;
		};
		497F72D11E2F2F57004A2C18 /* Debug */ = {
			isa = XCBuildConfiguration;
			buildSettings = {
				ALWAYS_EMBED_SWIFT_STANDARD_LIBRARIES = YES;
				BUNDLE_LOADER = "$(TEST_HOST)";
				DEVELOPMENT_TEAM = 7XGX6TD7GL;
				INFOPLIST_FILE = AppstoreDemoLBTATests/Info.plist;
				LD_RUNPATH_SEARCH_PATHS = "$(inherited) @executable_path/Frameworks @loader_path/Frameworks";
				PRODUCT_BUNDLE_IDENTIFIER = Abdoulaye.AppstoreDemoLBTATests;
				PRODUCT_NAME = "$(TARGET_NAME)";
				SWIFT_VERSION = 3.0;
				TEST_HOST = "$(BUILT_PRODUCTS_DIR)/AppstoreDemoLBTA.app/AppstoreDemoLBTA";
			};
			name = Debug;
		};
		497F72D21E2F2F57004A2C18 /* Release */ = {
			isa = XCBuildConfiguration;
			buildSettings = {
				ALWAYS_EMBED_SWIFT_STANDARD_LIBRARIES = YES;
				BUNDLE_LOADER = "$(TEST_HOST)";
				DEVELOPMENT_TEAM = 7XGX6TD7GL;
				INFOPLIST_FILE = AppstoreDemoLBTATests/Info.plist;
				LD_RUNPATH_SEARCH_PATHS = "$(inherited) @executable_path/Frameworks @loader_path/Frameworks";
				PRODUCT_BUNDLE_IDENTIFIER = Abdoulaye.AppstoreDemoLBTATests;
				PRODUCT_NAME = "$(TARGET_NAME)";
				SWIFT_VERSION = 3.0;
				TEST_HOST = "$(BUILT_PRODUCTS_DIR)/AppstoreDemoLBTA.app/AppstoreDemoLBTA";
			};
			name = Release;
		};
/* End XCBuildConfiguration section */

/* Begin XCConfigurationList section */
		497F72AB1E2F2F57004A2C18 /* Build configuration list for PBXProject "AppstoreDemoLBTA" */ = {
			isa = XCConfigurationList;
			buildConfigurations = (
				497F72CB1E2F2F57004A2C18 /* Debug */,
				497F72CC1E2F2F57004A2C18 /* Release */,
			);
			defaultConfigurationIsVisible = 0;
			defaultConfigurationName = Release;
		};
		497F72CD1E2F2F57004A2C18 /* Build configuration list for PBXNativeTarget "AppstoreDemoLBTA" */ = {
			isa = XCConfigurationList;
			buildConfigurations = (
				497F72CE1E2F2F57004A2C18 /* Debug */,
				497F72CF1E2F2F57004A2C18 /* Release */,
			);
			defaultConfigurationIsVisible = 0;
			defaultConfigurationName = Release;
		};
		497F72D01E2F2F57004A2C18 /* Build configuration list for PBXNativeTarget "AppstoreDemoLBTATests" */ = {
			isa = XCConfigurationList;
			buildConfigurations = (
				497F72D11E2F2F57004A2C18 /* Debug */,
				497F72D21E2F2F57004A2C18 /* Release */,
			);
			defaultConfigurationIsVisible = 0;
			defaultConfigurationName = Release;
		};
/* End XCConfigurationList section */
	};
	rootObject = 497F72A81E2F2F57004A2C18 /* Project object */;
}
